
Microsoft Visual Studio Solution File, Format Version 12.00
# Visual Studio Version 16
VisualStudioVersion = 16.0.30204.135
MinimumVisualStudioVersion = 10.0.40219.1
Project("{9A19103F-16F7-4668-BE54-9A1E7A4F7556}") = "WolfpackBackendAssessment.Startup", "WolfpackBackendAssessment.Startup\WolfpackBackendAssessment.Startup.csproj", "{B8F4B159-1774-4EE7-9284-8F35CB534EA1}"
EndProject
Project("{FAE04EC0-301F-11D3-BF4B-00C04F79EFBC}") = "WolfpackBackendAssessment.Web", "WolfpackBackendAssessment.Web\WolfpackBackendAssessment.Web.csproj", "{E3078935-7122-4E9F-BE3F-963629DB5FC5}"
EndProject
Project("{FAE04EC0-301F-11D3-BF4B-00C04F79EFBC}") = "WolfpackBackendAssessment.Application", "WolfpackBackendAssessment.Application\WolfpackBackendAssessment.Application.csproj", "{037092F4-668C-428F-9C2A-E6AD03A77FAB}"
EndProject
Project("{FAE04EC0-301F-11D3-BF4B-00C04F79EFBC}") = "WolfpackBackendAssessment.Domain", "WolfpackBackendAssessment.Domain\WolfpackBackendAssessment.Domain.csproj", "{E9BACB27-F83D-450E-865C-E40795267D60}"
EndProject
Project("{FAE04EC0-301F-11D3-BF4B-00C04F79EFBC}") = "WolfpackBackendAssessment.Infrastructure", "WolfpackBackendAssessment.Infrastructure\WolfpackBackendAssessment.Infrastructure.csproj", "{C48D4CA9-8486-4A58-96C6-22F954ACA0A3}"
EndProject
Global
	GlobalSection(SolutionConfigurationPlatforms) = preSolution
		Debug|Any CPU = Debug|Any CPU
		Release|Any CPU = Release|Any CPU
	EndGlobalSection
	GlobalSection(ProjectConfigurationPlatforms) = postSolution
		{B8F4B159-1774-4EE7-9284-8F35CB534EA1}.Debug|Any CPU.ActiveCfg = Debug|Any CPU
		{B8F4B159-1774-4EE7-9284-8F35CB534EA1}.Debug|Any CPU.Build.0 = Debug|Any CPU
		{B8F4B159-1774-4EE7-9284-8F35CB534EA1}.Release|Any CPU.ActiveCfg = Release|Any CPU
		{B8F4B159-1774-4EE7-9284-8F35CB534EA1}.Release|Any CPU.Build.0 = Release|Any CPU
		{E3078935-7122-4E9F-BE3F-963629DB5FC5}.Debug|Any CPU.ActiveCfg = Debug|Any CPU
		{E3078935-7122-4E9F-BE3F-963629DB5FC5}.Debug|Any CPU.Build.0 = Debug|Any CPU
		{E3078935-7122-4E9F-BE3F-963629DB5FC5}.Release|Any CPU.ActiveCfg = Release|Any CPU
		{E3078935-7122-4E9F-BE3F-963629DB5FC5}.Release|Any CPU.Build.0 = Release|Any CPU
		{037092F4-668C-428F-9C2A-E6AD03A77FAB}.Debug|Any CPU.ActiveCfg = Debug|Any CPU
		{037092F4-668C-428F-9C2A-E6AD03A77FAB}.Debug|Any CPU.Build.0 = Debug|Any CPU
		{037092F4-668C-428F-9C2A-E6AD03A77FAB}.Release|Any CPU.ActiveCfg = Release|Any CPU
		{037092F4-668C-428F-9C2A-E6AD03A77FAB}.Release|Any CPU.Build.0 = Release|Any CPU
		{E9BACB27-F83D-450E-865C-E40795267D60}.Debug|Any CPU.ActiveCfg = Debug|Any CPU
		{E9BACB27-F83D-450E-865C-E40795267D60}.Debug|Any CPU.Build.0 = Debug|Any CPU
		{E9BACB27-F83D-450E-865C-E40795267D60}.Release|Any CPU.ActiveCfg = Release|Any CPU
		{E9BACB27-F83D-450E-865C-E40795267D60}.Release|Any CPU.Build.0 = Release|Any CPU
		{C48D4CA9-8486-4A58-96C6-22F954ACA0A3}.Debug|Any CPU.ActiveCfg = Debug|Any CPU
		{C48D4CA9-8486-4A58-96C6-22F954ACA0A3}.Debug|Any CPU.Build.0 = Debug|Any CPU
		{C48D4CA9-8486-4A58-96C6-22F954ACA0A3}.Release|Any CPU.ActiveCfg = Release|Any CPU
		{C48D4CA9-8486-4A58-96C6-22F954ACA0A3}.Release|Any CPU.Build.0 = Release|Any CPU
	EndGlobalSection
	GlobalSection(SolutionProperties) = preSolution
		HideSolutionNode = FALSE
	EndGlobalSection
	GlobalSection(ExtensibilityGlobals) = postSolution
		SolutionGuid = {399839F2-5489-4BB9-802C-218AB1AECFD5}
	EndGlobalSection
EndGlobal
